// !$*UTF8*$!
{
	archiveVersion = 1;
	classes = {
	};
	objectVersion = 51;
	objects = {

/* Begin PBXBuildFile section */
		257EAAB4FBDAC33D97E61992 /* Pods_Yearvu.framework in Frameworks */ = {isa = PBXBuildFile; fileRef = F50FE08ADD9C5C1DE569D49C /* Pods_Yearvu.framework */; };
		86DC2601275518B23ADF4614 /* Pods_YearvuTests.framework in Frameworks */ = {isa = PBXBuildFile; fileRef = 9BA5E241F2B9932BCF42945A /* Pods_YearvuTests.framework */; };
		B06FE60223AE4B4D004782B3 /* ContentView.swift in Sources */ = {isa = PBXBuildFile; fileRef = B06FE60123AE4B4D004782B3 /* ContentView.swift */; };
		B06FE60523AE4E32004782B3 /* ExpenseEntry.swift in Sources */ = {isa = PBXBuildFile; fileRef = B06FE60423AE4E32004782B3 /* ExpenseEntry.swift */; };
		B06FE60923AE4E59004782B3 /* actionSpecs.swift in Sources */ = {isa = PBXBuildFile; fileRef = B06FE60823AE4E59004782B3 /* actionSpecs.swift */; };
		B06FE60B23AE4E5F004782B3 /* appReducer.swift in Sources */ = {isa = PBXBuildFile; fileRef = B06FE60A23AE4E5F004782B3 /* appReducer.swift */; };
		B06FE60E23AE4ED7004782B3 /* FiduciaryCurrency.swift in Sources */ = {isa = PBXBuildFile; fileRef = B06FE60D23AE4ED7004782B3 /* FiduciaryCurrency.swift */; };
		B06FE61523AE5043004782B3 /* recurrenceSpecs.swift in Sources */ = {isa = PBXBuildFile; fileRef = B06FE61423AE5043004782B3 /* recurrenceSpecs.swift */; };
		B06FE61923AE9A90004782B3 /* Expense.swift in Sources */ = {isa = PBXBuildFile; fileRef = B06FE61823AE9A90004782B3 /* Expense.swift */; };
		B06FE61B23AE9BCA004782B3 /* AppState.swift in Sources */ = {isa = PBXBuildFile; fileRef = B06FE61A23AE9BCA004782B3 /* AppState.swift */; };
		B06FE62223AE9CD2004782B3 /* YearvuStore.swift in Sources */ = {isa = PBXBuildFile; fileRef = B06FE62123AE9CD2004782B3 /* YearvuStore.swift */; };
		B06FE62523AE9F68004782B3 /* UiState.swift in Sources */ = {isa = PBXBuildFile; fileRef = B06FE62423AE9F68004782B3 /* UiState.swift */; };
		B06FE62723AE9FE1004782B3 /* DataState.swift in Sources */ = {isa = PBXBuildFile; fileRef = B06FE62623AE9FE1004782B3 /* DataState.swift */; };
		B09B057323B3BBE30086B30A /* ExpenseChangeTests.swift in Sources */ = {isa = PBXBuildFile; fileRef = B09B057223B3BBE30086B30A /* ExpenseChangeTests.swift */; };
		B09B057523B3C0D80086B30A /* TwoWaysExchangeCalculator.swift in Sources */ = {isa = PBXBuildFile; fileRef = B09B057423B3C0D80086B30A /* TwoWaysExchangeCalculator.swift */; };
		B09B057723B3C1240086B30A /* Exchange.swift in Sources */ = {isa = PBXBuildFile; fileRef = B09B057623B3C1240086B30A /* Exchange.swift */; };
		B09B057923B3C49D0086B30A /* NoCurrency.swift in Sources */ = {isa = PBXBuildFile; fileRef = B09B057823B3C49D0086B30A /* NoCurrency.swift */; };
		B09B057B23B3D4E80086B30A /* ExchangeTests.swift in Sources */ = {isa = PBXBuildFile; fileRef = B09B057A23B3D4E80086B30A /* ExchangeTests.swift */; };
		B09B057D23B3D5D90086B30A /* Taxed.swift in Sources */ = {isa = PBXBuildFile; fileRef = B09B057C23B3D5D90086B30A /* Taxed.swift */; };
		B09B057F23B3D5E10086B30A /* Taxes.swift in Sources */ = {isa = PBXBuildFile; fileRef = B09B057E23B3D5E10086B30A /* Taxes.swift */; };
		B09B058123B3D6560086B30A /* USDExchangeTable.swift in Sources */ = {isa = PBXBuildFile; fileRef = B09B058023B3D6560086B30A /* USDExchangeTable.swift */; };
		B0CBF69723AEA09B004ECC91 /* dataReducer.swift in Sources */ = {isa = PBXBuildFile; fileRef = B0CBF69623AEA09B004ECC91 /* dataReducer.swift */; };
		B0CBF69923AEA0A1004ECC91 /* uiReducer.swift in Sources */ = {isa = PBXBuildFile; fileRef = B0CBF69823AEA0A1004ECC91 /* uiReducer.swift */; };
		B0E1EEE123AEA3BB00EF9F7E /* mockCreator.swift in Sources */ = {isa = PBXBuildFile; fileRef = B0E1EEE023AEA3BB00EF9F7E /* mockCreator.swift */; };
		B0E1EEE323AEE77800EF9F7E /* domainSpecs.swift in Sources */ = {isa = PBXBuildFile; fileRef = B0E1EEE223AEE77800EF9F7E /* domainSpecs.swift */; };
		B0E1EEE523AEE97700EF9F7E /* SavingsCalculator.swift in Sources */ = {isa = PBXBuildFile; fileRef = B0E1EEE423AEE97700EF9F7E /* SavingsCalculator.swift */; };
		B0E1EEE823AEEAC200EF9F7E /* Double+Money.swift in Sources */ = {isa = PBXBuildFile; fileRef = B0E1EEE723AEEAC200EF9F7E /* Double+Money.swift */; };
		B0E1EEEA23AEEC2000EF9F7E /* Savings.swift in Sources */ = {isa = PBXBuildFile; fileRef = B0E1EEE923AEEC2000EF9F7E /* Savings.swift */; };
		B0E1EEEC23AEED1000EF9F7E /* Money.swift in Sources */ = {isa = PBXBuildFile; fileRef = B0E1EEEB23AEED1000EF9F7E /* Money.swift */; };
		B0E1EEF123B0C83F00EF9F7E /* MonetaryError.swift in Sources */ = {isa = PBXBuildFile; fileRef = B0E1EEF023B0C83F00EF9F7E /* MonetaryError.swift */; };
		B0E1EF0B23B0F40D00EF9F7E /* Date+UntilDate.swift in Sources */ = {isa = PBXBuildFile; fileRef = B0E1EF0A23B0F40D00EF9F7E /* Date+UntilDate.swift */; };
		B0FB119423AE46170009C9AE /* AppDelegate.swift in Sources */ = {isa = PBXBuildFile; fileRef = B0FB119323AE46170009C9AE /* AppDelegate.swift */; };
		B0FB119623AE46170009C9AE /* SceneDelegate.swift in Sources */ = {isa = PBXBuildFile; fileRef = B0FB119523AE46170009C9AE /* SceneDelegate.swift */; };
		B0FB119923AE46170009C9AE /* Yearvu.xcdatamodeld in Sources */ = {isa = PBXBuildFile; fileRef = B0FB119723AE46170009C9AE /* Yearvu.xcdatamodeld */; };
		B0FB119D23AE46180009C9AE /* Assets.xcassets in Resources */ = {isa = PBXBuildFile; fileRef = B0FB119C23AE46180009C9AE /* Assets.xcassets */; };
		B0FB11A023AE46180009C9AE /* PreviewAssets.xcassets in Resources */ = {isa = PBXBuildFile; fileRef = B0FB119F23AE46180009C9AE /* PreviewAssets.xcassets */; };
		B0FB11A323AE46180009C9AE /* LaunchScreen.storyboard in Resources */ = {isa = PBXBuildFile; fileRef = B0FB11A123AE46180009C9AE /* LaunchScreen.storyboard */; };
		B0FB11AE23AE46180009C9AE /* DailySavingsReportTests.swift in Sources */ = {isa = PBXBuildFile; fileRef = B0FB11AD23AE46180009C9AE /* DailySavingsReportTests.swift */; };
		B0FB11B923AE46180009C9AE /* YearvuUITests.swift in Sources */ = {isa = PBXBuildFile; fileRef = B0FB11B823AE46180009C9AE /* YearvuUITests.swift */; };
		B139D2770C736A9E6D783563 /* Pods_Yearvu_YearvuUITests.framework in Frameworks */ = {isa = PBXBuildFile; fileRef = C858B12D20748D6A463BC961 /* Pods_Yearvu_YearvuUITests.framework */; };
/* End PBXBuildFile section */

/* Begin PBXContainerItemProxy section */
		B0FB11AA23AE46180009C9AE /* PBXContainerItemProxy */ = {
			isa = PBXContainerItemProxy;
			containerPortal = B0FB118823AE46170009C9AE /* Project object */;
			proxyType = 1;
			remoteGlobalIDString = B0FB118F23AE46170009C9AE;
			remoteInfo = Yearvu;
		};
		B0FB11B523AE46180009C9AE /* PBXContainerItemProxy */ = {
			isa = PBXContainerItemProxy;
			containerPortal = B0FB118823AE46170009C9AE /* Project object */;
			proxyType = 1;
			remoteGlobalIDString = B0FB118F23AE46170009C9AE;
			remoteInfo = Yearvu;
		};
/* End PBXContainerItemProxy section */

/* Begin PBXFileReference section */
		0ACB2940B86F005F98E5C041 /* Pods-Yearvu-YearvuUITests.debug.xcconfig */ = {isa = PBXFileReference; includeInIndex = 1; lastKnownFileType = text.xcconfig; name = "Pods-Yearvu-YearvuUITests.debug.xcconfig"; path = "Target Support Files/Pods-Yearvu-YearvuUITests/Pods-Yearvu-YearvuUITests.debug.xcconfig"; sourceTree = "<group>"; };
		120F55BA0968C316F3C6595B /* Pods-YearvuTests.debug.xcconfig */ = {isa = PBXFileReference; includeInIndex = 1; lastKnownFileType = text.xcconfig; name = "Pods-YearvuTests.debug.xcconfig"; path = "Target Support Files/Pods-YearvuTests/Pods-YearvuTests.debug.xcconfig"; sourceTree = "<group>"; };
		292E5F8771044D43AFB7573B /* Pods-Yearvu.release.xcconfig */ = {isa = PBXFileReference; includeInIndex = 1; lastKnownFileType = text.xcconfig; name = "Pods-Yearvu.release.xcconfig"; path = "Target Support Files/Pods-Yearvu/Pods-Yearvu.release.xcconfig"; sourceTree = "<group>"; };
		9BA5E241F2B9932BCF42945A /* Pods_YearvuTests.framework */ = {isa = PBXFileReference; explicitFileType = wrapper.framework; includeInIndex = 0; path = Pods_YearvuTests.framework; sourceTree = BUILT_PRODUCTS_DIR; };
		B06FE60123AE4B4D004782B3 /* ContentView.swift */ = {isa = PBXFileReference; fileEncoding = 4; lastKnownFileType = sourcecode.swift; path = ContentView.swift; sourceTree = "<group>"; };
		B06FE60423AE4E32004782B3 /* ExpenseEntry.swift */ = {isa = PBXFileReference; lastKnownFileType = sourcecode.swift; path = ExpenseEntry.swift; sourceTree = "<group>"; };
		B06FE60823AE4E59004782B3 /* actionSpecs.swift */ = {isa = PBXFileReference; lastKnownFileType = sourcecode.swift; path = actionSpecs.swift; sourceTree = "<group>"; };
		B06FE60A23AE4E5F004782B3 /* appReducer.swift */ = {isa = PBXFileReference; lastKnownFileType = sourcecode.swift; path = appReducer.swift; sourceTree = "<group>"; };
		B06FE60D23AE4ED7004782B3 /* FiduciaryCurrency.swift */ = {isa = PBXFileReference; lastKnownFileType = sourcecode.swift; path = FiduciaryCurrency.swift; sourceTree = "<group>"; };
		B06FE61423AE5043004782B3 /* recurrenceSpecs.swift */ = {isa = PBXFileReference; lastKnownFileType = sourcecode.swift; path = recurrenceSpecs.swift; sourceTree = "<group>"; };
		B06FE61823AE9A90004782B3 /* Expense.swift */ = {isa = PBXFileReference; lastKnownFileType = sourcecode.swift; path = Expense.swift; sourceTree = "<group>"; };
		B06FE61A23AE9BCA004782B3 /* AppState.swift */ = {isa = PBXFileReference; lastKnownFileType = sourcecode.swift; path = AppState.swift; sourceTree = "<group>"; };
		B06FE62123AE9CD2004782B3 /* YearvuStore.swift */ = {isa = PBXFileReference; lastKnownFileType = sourcecode.swift; path = YearvuStore.swift; sourceTree = "<group>"; };
		B06FE62423AE9F68004782B3 /* UiState.swift */ = {isa = PBXFileReference; lastKnownFileType = sourcecode.swift; path = UiState.swift; sourceTree = "<group>"; };
		B06FE62623AE9FE1004782B3 /* DataState.swift */ = {isa = PBXFileReference; lastKnownFileType = sourcecode.swift; path = DataState.swift; sourceTree = "<group>"; };
		B09B057223B3BBE30086B30A /* ExpenseChangeTests.swift */ = {isa = PBXFileReference; lastKnownFileType = sourcecode.swift; path = ExpenseChangeTests.swift; sourceTree = "<group>"; };
		B09B057423B3C0D80086B30A /* TwoWaysExchangeCalculator.swift */ = {isa = PBXFileReference; lastKnownFileType = sourcecode.swift; path = TwoWaysExchangeCalculator.swift; sourceTree = "<group>"; };
		B09B057623B3C1240086B30A /* Exchange.swift */ = {isa = PBXFileReference; lastKnownFileType = sourcecode.swift; path = Exchange.swift; sourceTree = "<group>"; };
		B09B057823B3C49D0086B30A /* NoCurrency.swift */ = {isa = PBXFileReference; lastKnownFileType = sourcecode.swift; path = NoCurrency.swift; sourceTree = "<group>"; };
		B09B057A23B3D4E80086B30A /* ExchangeTests.swift */ = {isa = PBXFileReference; lastKnownFileType = sourcecode.swift; path = ExchangeTests.swift; sourceTree = "<group>"; };
		B09B057C23B3D5D90086B30A /* Taxed.swift */ = {isa = PBXFileReference; lastKnownFileType = sourcecode.swift; path = Taxed.swift; sourceTree = "<group>"; };
		B09B057E23B3D5E10086B30A /* Taxes.swift */ = {isa = PBXFileReference; lastKnownFileType = sourcecode.swift; path = Taxes.swift; sourceTree = "<group>"; };
		B09B058023B3D6560086B30A /* USDExchangeTable.swift */ = {isa = PBXFileReference; lastKnownFileType = sourcecode.swift; path = USDExchangeTable.swift; sourceTree = "<group>"; };
		B0BB801923AE492300E7DBB8 /* Yearvu.entitlements */ = {isa = PBXFileReference; lastKnownFileType = text.plist.entitlements; path = Yearvu.entitlements; sourceTree = "<group>"; };
		B0CBF69623AEA09B004ECC91 /* dataReducer.swift */ = {isa = PBXFileReference; lastKnownFileType = sourcecode.swift; path = dataReducer.swift; sourceTree = "<group>"; };
		B0CBF69823AEA0A1004ECC91 /* uiReducer.swift */ = {isa = PBXFileReference; lastKnownFileType = sourcecode.swift; path = uiReducer.swift; sourceTree = "<group>"; };
		B0E1EEE023AEA3BB00EF9F7E /* mockCreator.swift */ = {isa = PBXFileReference; lastKnownFileType = sourcecode.swift; path = mockCreator.swift; sourceTree = "<group>"; };
		B0E1EEE223AEE77800EF9F7E /* domainSpecs.swift */ = {isa = PBXFileReference; lastKnownFileType = sourcecode.swift; path = domainSpecs.swift; sourceTree = "<group>"; };
		B0E1EEE423AEE97700EF9F7E /* SavingsCalculator.swift */ = {isa = PBXFileReference; lastKnownFileType = sourcecode.swift; path = SavingsCalculator.swift; sourceTree = "<group>"; };
		B0E1EEE723AEEAC200EF9F7E /* Double+Money.swift */ = {isa = PBXFileReference; lastKnownFileType = sourcecode.swift; path = "Double+Money.swift"; sourceTree = "<group>"; };
		B0E1EEE923AEEC2000EF9F7E /* Savings.swift */ = {isa = PBXFileReference; lastKnownFileType = sourcecode.swift; path = Savings.swift; sourceTree = "<group>"; };
		B0E1EEEB23AEED1000EF9F7E /* Money.swift */ = {isa = PBXFileReference; lastKnownFileType = sourcecode.swift; path = Money.swift; sourceTree = "<group>"; };
		B0E1EEF023B0C83F00EF9F7E /* MonetaryError.swift */ = {isa = PBXFileReference; lastKnownFileType = sourcecode.swift; path = MonetaryError.swift; sourceTree = "<group>"; };
		B0E1EF0A23B0F40D00EF9F7E /* Date+UntilDate.swift */ = {isa = PBXFileReference; fileEncoding = 4; lastKnownFileType = sourcecode.swift; path = "Date+UntilDate.swift"; sourceTree = "<group>"; };
		B0FB119023AE46170009C9AE /* Yearvu.app */ = {isa = PBXFileReference; explicitFileType = wrapper.application; includeInIndex = 0; path = Yearvu.app; sourceTree = BUILT_PRODUCTS_DIR; };
		B0FB119323AE46170009C9AE /* AppDelegate.swift */ = {isa = PBXFileReference; lastKnownFileType = sourcecode.swift; path = AppDelegate.swift; sourceTree = "<group>"; };
		B0FB119523AE46170009C9AE /* SceneDelegate.swift */ = {isa = PBXFileReference; lastKnownFileType = sourcecode.swift; path = SceneDelegate.swift; sourceTree = "<group>"; };
		B0FB119823AE46170009C9AE /* Yearvu.xcdatamodel */ = {isa = PBXFileReference; lastKnownFileType = wrapper.xcdatamodel; path = Yearvu.xcdatamodel; sourceTree = "<group>"; };
		B0FB119C23AE46180009C9AE /* Assets.xcassets */ = {isa = PBXFileReference; lastKnownFileType = folder.assetcatalog; path = Assets.xcassets; sourceTree = "<group>"; };
		B0FB119F23AE46180009C9AE /* PreviewAssets.xcassets */ = {isa = PBXFileReference; lastKnownFileType = folder.assetcatalog; path = PreviewAssets.xcassets; sourceTree = "<group>"; };
		B0FB11A223AE46180009C9AE /* Base */ = {isa = PBXFileReference; lastKnownFileType = file.storyboard; name = Base; path = Base.lproj/LaunchScreen.storyboard; sourceTree = "<group>"; };
		B0FB11A423AE46180009C9AE /* Info.plist */ = {isa = PBXFileReference; lastKnownFileType = text.plist.xml; path = Info.plist; sourceTree = "<group>"; };
		B0FB11A923AE46180009C9AE /* YearvuTests.xctest */ = {isa = PBXFileReference; explicitFileType = wrapper.cfbundle; includeInIndex = 0; path = YearvuTests.xctest; sourceTree = BUILT_PRODUCTS_DIR; };
		B0FB11AD23AE46180009C9AE /* DailySavingsReportTests.swift */ = {isa = PBXFileReference; lastKnownFileType = sourcecode.swift; path = DailySavingsReportTests.swift; sourceTree = "<group>"; };
		B0FB11AF23AE46180009C9AE /* Info.plist */ = {isa = PBXFileReference; lastKnownFileType = text.plist.xml; path = Info.plist; sourceTree = "<group>"; };
		B0FB11B423AE46180009C9AE /* YearvuUITests.xctest */ = {isa = PBXFileReference; explicitFileType = wrapper.cfbundle; includeInIndex = 0; path = YearvuUITests.xctest; sourceTree = BUILT_PRODUCTS_DIR; };
		B0FB11B823AE46180009C9AE /* YearvuUITests.swift */ = {isa = PBXFileReference; lastKnownFileType = sourcecode.swift; path = YearvuUITests.swift; sourceTree = "<group>"; };
		B0FB11BA23AE46180009C9AE /* Info.plist */ = {isa = PBXFileReference; lastKnownFileType = text.plist.xml; path = Info.plist; sourceTree = "<group>"; };
		C858B12D20748D6A463BC961 /* Pods_Yearvu_YearvuUITests.framework */ = {isa = PBXFileReference; explicitFileType = wrapper.framework; includeInIndex = 0; path = Pods_Yearvu_YearvuUITests.framework; sourceTree = BUILT_PRODUCTS_DIR; };
		D8513CCE4A279D56F07578EF /* Pods-Yearvu.debug.xcconfig */ = {isa = PBXFileReference; includeInIndex = 1; lastKnownFileType = text.xcconfig; name = "Pods-Yearvu.debug.xcconfig"; path = "Target Support Files/Pods-Yearvu/Pods-Yearvu.debug.xcconfig"; sourceTree = "<group>"; };
		E523E25D7F51080563042937 /* Pods-YearvuTests.release.xcconfig */ = {isa = PBXFileReference; includeInIndex = 1; lastKnownFileType = text.xcconfig; name = "Pods-YearvuTests.release.xcconfig"; path = "Target Support Files/Pods-YearvuTests/Pods-YearvuTests.release.xcconfig"; sourceTree = "<group>"; };
		EDD988A49DF2D69F5160A107 /* Pods-Yearvu-YearvuUITests.release.xcconfig */ = {isa = PBXFileReference; includeInIndex = 1; lastKnownFileType = text.xcconfig; name = "Pods-Yearvu-YearvuUITests.release.xcconfig"; path = "Target Support Files/Pods-Yearvu-YearvuUITests/Pods-Yearvu-YearvuUITests.release.xcconfig"; sourceTree = "<group>"; };
		F50FE08ADD9C5C1DE569D49C /* Pods_Yearvu.framework */ = {isa = PBXFileReference; explicitFileType = wrapper.framework; includeInIndex = 0; path = Pods_Yearvu.framework; sourceTree = BUILT_PRODUCTS_DIR; };
/* End PBXFileReference section */

/* Begin PBXFrameworksBuildPhase section */
		B0FB118D23AE46170009C9AE /* Frameworks */ = {
			isa = PBXFrameworksBuildPhase;
			buildActionMask = 2147483647;
			files = (
				257EAAB4FBDAC33D97E61992 /* Pods_Yearvu.framework in Frameworks */,
			);
			runOnlyForDeploymentPostprocessing = 0;
		};
		B0FB11A623AE46180009C9AE /* Frameworks */ = {
			isa = PBXFrameworksBuildPhase;
			buildActionMask = 2147483647;
			files = (
				86DC2601275518B23ADF4614 /* Pods_YearvuTests.framework in Frameworks */,
			);
			runOnlyForDeploymentPostprocessing = 0;
		};
		B0FB11B123AE46180009C9AE /* Frameworks */ = {
			isa = PBXFrameworksBuildPhase;
			buildActionMask = 2147483647;
			files = (
				B139D2770C736A9E6D783563 /* Pods_Yearvu_YearvuUITests.framework in Frameworks */,
			);
			runOnlyForDeploymentPostprocessing = 0;
		};
/* End PBXFrameworksBuildPhase section */

/* Begin PBXGroup section */
		3C6D6F367C8F310CFA750E84 /* Frameworks */ = {
			isa = PBXGroup;
			children = (
				F50FE08ADD9C5C1DE569D49C /* Pods_Yearvu.framework */,
				C858B12D20748D6A463BC961 /* Pods_Yearvu_YearvuUITests.framework */,
				9BA5E241F2B9932BCF42945A /* Pods_YearvuTests.framework */,
			);
			name = Frameworks;
			sourceTree = "<group>";
		};
		48B2156B2DFD7A80484EFD9D /* Pods */ = {
			isa = PBXGroup;
			children = (
				D8513CCE4A279D56F07578EF /* Pods-Yearvu.debug.xcconfig */,
				292E5F8771044D43AFB7573B /* Pods-Yearvu.release.xcconfig */,
				0ACB2940B86F005F98E5C041 /* Pods-Yearvu-YearvuUITests.debug.xcconfig */,
				EDD988A49DF2D69F5160A107 /* Pods-Yearvu-YearvuUITests.release.xcconfig */,
				120F55BA0968C316F3C6595B /* Pods-YearvuTests.debug.xcconfig */,
				E523E25D7F51080563042937 /* Pods-YearvuTests.release.xcconfig */,
			);
			path = Pods;
			sourceTree = "<group>";
		};
		B06FE60323AE4D07004782B3 /* preview */ = {
			isa = PBXGroup;
			children = (
				B0FB119F23AE46180009C9AE /* PreviewAssets.xcassets */,
			);
			path = preview;
			sourceTree = "<group>";
		};
		B06FE60623AE4E37004782B3 /* models */ = {
			isa = PBXGroup;
			children = (
				B09B057623B3C1240086B30A /* Exchange.swift */,
				B06FE61823AE9A90004782B3 /* Expense.swift */,
				B06FE60423AE4E32004782B3 /* ExpenseEntry.swift */,
				B06FE60D23AE4ED7004782B3 /* FiduciaryCurrency.swift */,
				B0E1EEEB23AEED1000EF9F7E /* Money.swift */,
				B09B057823B3C49D0086B30A /* NoCurrency.swift */,
				B0E1EEE923AEEC2000EF9F7E /* Savings.swift */,
				B0E1EEE423AEE97700EF9F7E /* SavingsCalculator.swift */,
				B09B057C23B3D5D90086B30A /* Taxed.swift */,
				B09B057E23B3D5E10086B30A /* Taxes.swift */,
				B09B057423B3C0D80086B30A /* TwoWaysExchangeCalculator.swift */,
				B09B058023B3D6560086B30A /* USDExchangeTable.swift */,
			);
			path = models;
			sourceTree = "<group>";
		};
		B06FE61123AE4EF0004782B3 /* coreData */ = {
			isa = PBXGroup;
			children = (
				B0FB119723AE46170009C9AE /* Yearvu.xcdatamodeld */,
			);
			path = coreData;
			sourceTree = "<group>";
		};
		B06FE61D23AE9C50004782B3 /* actions */ = {
			isa = PBXGroup;
			children = (
				B06FE60823AE4E59004782B3 /* actionSpecs.swift */,
			);
			path = actions;
			sourceTree = "<group>";
		};
		B06FE61E23AE9C53004782B3 /* reducers */ = {
			isa = PBXGroup;
			children = (
				B06FE60A23AE4E5F004782B3 /* appReducer.swift */,
				B0CBF69623AEA09B004ECC91 /* dataReducer.swift */,
				B0CBF69823AEA0A1004ECC91 /* uiReducer.swift */,
			);
			path = reducers;
			sourceTree = "<group>";
		};
		B06FE61F23AE9C57004782B3 /* states */ = {
			isa = PBXGroup;
			children = (
				B06FE61A23AE9BCA004782B3 /* AppState.swift */,
				B06FE62623AE9FE1004782B3 /* DataState.swift */,
				B06FE62423AE9F68004782B3 /* UiState.swift */,
			);
			path = states;
			sourceTree = "<group>";
		};
		B06FE62323AE9F34004782B3 /* middlewares */ = {
			isa = PBXGroup;
			children = (
			);
			path = middlewares;
			sourceTree = "<group>";
		};
		B09CAB1023BB7BA900485A78 /* Resources */ = {
			isa = PBXGroup;
			children = (
			);
			path = Resources;
			sourceTree = "<group>";
		};
		B0BB801A23AE49B300E7DBB8 /* Domain */ = {
			isa = PBXGroup;
			children = (
				B06FE62123AE9CD2004782B3 /* YearvuStore.swift */,
				B0E1EEE223AEE77800EF9F7E /* domainSpecs.swift */,
				B06FE61423AE5043004782B3 /* recurrenceSpecs.swift */,
				B0E1EEEF23B0C83600EF9F7E /* errors */,
				B06FE61D23AE9C50004782B3 /* actions */,
				B06FE61E23AE9C53004782B3 /* reducers */,
				B06FE62323AE9F34004782B3 /* middlewares */,
				B06FE61F23AE9C57004782B3 /* states */,
				B0E1EEE623AEEAB400EF9F7E /* utils */,
			);
			path = Domain;
			sourceTree = "<group>";
		};
		B0BB801B23AE49B600E7DBB8 /* Presentation */ = {
			isa = PBXGroup;
			children = (
				B06FE60123AE4B4D004782B3 /* ContentView.swift */,
				B0BB801E23AE49CD00E7DBB8 /* storyboards */,
			);
			path = Presentation;
			sourceTree = "<group>";
		};
		B0BB801C23AE49BB00E7DBB8 /* Services */ = {
			isa = PBXGroup;
			children = (
			);
			path = Services;
			sourceTree = "<group>";
		};
		B0BB801D23AE49C100E7DBB8 /* Data */ = {
			isa = PBXGroup;
			children = (
				B06FE61123AE4EF0004782B3 /* coreData */,
				B0E1EEDF23AEA3A800EF9F7E /* mock */,
				B06FE60623AE4E37004782B3 /* models */,
			);
			path = Data;
			sourceTree = "<group>";
		};
		B0BB801E23AE49CD00E7DBB8 /* storyboards */ = {
			isa = PBXGroup;
			children = (
				B0FB11A123AE46180009C9AE /* LaunchScreen.storyboard */,
			);
			path = storyboards;
			sourceTree = "<group>";
		};
		B0BB801F23AE49FC00E7DBB8 /* Support */ = {
			isa = PBXGroup;
			children = (
				B0BB801923AE492300E7DBB8 /* Yearvu.entitlements */,
			);
			path = Support;
			sourceTree = "<group>";
		};
		B0E1EEDF23AEA3A800EF9F7E /* mock */ = {
			isa = PBXGroup;
			children = (
				B0E1EEE023AEA3BB00EF9F7E /* mockCreator.swift */,
			);
			path = mock;
			sourceTree = "<group>";
		};
		B0E1EEE623AEEAB400EF9F7E /* utils */ = {
			isa = PBXGroup;
			children = (
				B0E1EF0A23B0F40D00EF9F7E /* Date+UntilDate.swift */,
				B0E1EEE723AEEAC200EF9F7E /* Double+Money.swift */,
			);
			path = utils;
			sourceTree = "<group>";
		};
		B0E1EEEF23B0C83600EF9F7E /* errors */ = {
			isa = PBXGroup;
			children = (
				B0E1EEF023B0C83F00EF9F7E /* MonetaryError.swift */,
			);
			path = errors;
			sourceTree = "<group>";
		};
		B0FB118723AE46170009C9AE = {
			isa = PBXGroup;
			children = (
				B0FB119223AE46170009C9AE /* Yearvu */,
				B0FB11AC23AE46180009C9AE /* YearvuTests */,
				B0FB11B723AE46180009C9AE /* YearvuUITests */,
				B0FB119123AE46170009C9AE /* Products */,
				48B2156B2DFD7A80484EFD9D /* Pods */,
				3C6D6F367C8F310CFA750E84 /* Frameworks */,
			);
			sourceTree = "<group>";
		};
		B0FB119123AE46170009C9AE /* Products */ = {
			isa = PBXGroup;
			children = (
				B0FB119023AE46170009C9AE /* Yearvu.app */,
				B0FB11A923AE46180009C9AE /* YearvuTests.xctest */,
				B0FB11B423AE46180009C9AE /* YearvuUITests.xctest */,
			);
			name = Products;
			sourceTree = "<group>";
		};
		B0FB119223AE46170009C9AE /* Yearvu */ = {
			isa = PBXGroup;
			children = (
				B0FB11A423AE46180009C9AE /* Info.plist */,
				B0FB119323AE46170009C9AE /* AppDelegate.swift */,
				B0FB119523AE46170009C9AE /* SceneDelegate.swift */,
				B0BB801A23AE49B300E7DBB8 /* Domain */,
				B0BB801D23AE49C100E7DBB8 /* Data */,
				B0BB801C23AE49BB00E7DBB8 /* Services */,
				B0BB801B23AE49B600E7DBB8 /* Presentation */,
				B0FB119E23AE46180009C9AE /* Assets */,
				B09CAB1023BB7BA900485A78 /* Resources */,
				B0BB801F23AE49FC00E7DBB8 /* Support */,
			);
			path = Yearvu;
			sourceTree = "<group>";
		};
		B0FB119E23AE46180009C9AE /* Assets */ = {
			isa = PBXGroup;
			children = (
				B0FB119C23AE46180009C9AE /* Assets.xcassets */,
				B06FE60323AE4D07004782B3 /* preview */,
			);
			path = Assets;
			sourceTree = "<group>";
		};
		B0FB11AC23AE46180009C9AE /* YearvuTests */ = {
			isa = PBXGroup;
			children = (
				B0FB11AF23AE46180009C9AE /* Info.plist */,
				B0FB11AD23AE46180009C9AE /* DailySavingsReportTests.swift */,
				B09B057223B3BBE30086B30A /* ExpenseChangeTests.swift */,
				B09B057A23B3D4E80086B30A /* ExchangeTests.swift */,
			);
			path = YearvuTests;
			sourceTree = "<group>";
		};
		B0FB11B723AE46180009C9AE /* YearvuUITests */ = {
			isa = PBXGroup;
			children = (
				B0FB11BA23AE46180009C9AE /* Info.plist */,
				B0FB11B823AE46180009C9AE /* YearvuUITests.swift */,
			);
			path = YearvuUITests;
			sourceTree = "<group>";
		};
/* End PBXGroup section */

/* Begin PBXNativeTarget section */
		B0FB118F23AE46170009C9AE /* Yearvu */ = {
			isa = PBXNativeTarget;
			buildConfigurationList = B0FB11BD23AE46180009C9AE /* Build configuration list for PBXNativeTarget "Yearvu" */;
			buildPhases = (
				D477309F1CD73DB85423C7FF /* [CP] Check Pods Manifest.lock */,
				B0FB118C23AE46170009C9AE /* Sources */,
				B0FB118D23AE46170009C9AE /* Frameworks */,
				B0FB118E23AE46170009C9AE /* Resources */,
				2AB81D8CAFE71ED157E8E0CF /* [CP] Embed Pods Frameworks */,
			);
			buildRules = (
			);
			dependencies = (
			);
			name = Yearvu;
			productName = Yearvu;
			productReference = B0FB119023AE46170009C9AE /* Yearvu.app */;
			productType = "com.apple.product-type.application";
		};
		B0FB11A823AE46180009C9AE /* YearvuTests */ = {
			isa = PBXNativeTarget;
			buildConfigurationList = B0FB11C023AE46180009C9AE /* Build configuration list for PBXNativeTarget "YearvuTests" */;
			buildPhases = (
				E0335E41FF41403A9CB5DC51 /* [CP] Check Pods Manifest.lock */,
				B0FB11A523AE46180009C9AE /* Sources */,
				B0FB11A623AE46180009C9AE /* Frameworks */,
				B0FB11A723AE46180009C9AE /* Resources */,
				5F3EC67A11B9C15D6AA21AA4 /* [CP] Embed Pods Frameworks */,
			);
			buildRules = (
			);
			dependencies = (
				B0FB11AB23AE46180009C9AE /* PBXTargetDependency */,
			);
			name = YearvuTests;
			productName = YearvuTests;
			productReference = B0FB11A923AE46180009C9AE /* YearvuTests.xctest */;
			productType = "com.apple.product-type.bundle.unit-test";
		};
		B0FB11B323AE46180009C9AE /* YearvuUITests */ = {
			isa = PBXNativeTarget;
			buildConfigurationList = B0FB11C323AE46180009C9AE /* Build configuration list for PBXNativeTarget "YearvuUITests" */;
			buildPhases = (
				6C93FEC35684FD29ED45E3B8 /* [CP] Check Pods Manifest.lock */,
				B0FB11B023AE46180009C9AE /* Sources */,
				B0FB11B123AE46180009C9AE /* Frameworks */,
				B0FB11B223AE46180009C9AE /* Resources */,
				8943C05831F30FA5FFEB0107 /* [CP] Embed Pods Frameworks */,
			);
			buildRules = (
			);
			dependencies = (
				B0FB11B623AE46180009C9AE /* PBXTargetDependency */,
			);
			name = YearvuUITests;
			productName = YearvuUITests;
			productReference = B0FB11B423AE46180009C9AE /* YearvuUITests.xctest */;
			productType = "com.apple.product-type.bundle.ui-testing";
		};
/* End PBXNativeTarget section */

/* Begin PBXProject section */
		B0FB118823AE46170009C9AE /* Project object */ = {
			isa = PBXProject;
			attributes = {
				LastSwiftUpdateCheck = 1120;
				LastUpgradeCheck = 1120;
				ORGANIZATIONNAME = "Thiago Ricieri";
				TargetAttributes = {
					B0FB118F23AE46170009C9AE = {
						CreatedOnToolsVersion = 11.2.1;
					};
					B0FB11A823AE46180009C9AE = {
						CreatedOnToolsVersion = 11.2.1;
						TestTargetID = B0FB118F23AE46170009C9AE;
					};
					B0FB11B323AE46180009C9AE = {
						CreatedOnToolsVersion = 11.2.1;
						TestTargetID = B0FB118F23AE46170009C9AE;
					};
				};
			};
			buildConfigurationList = B0FB118B23AE46170009C9AE /* Build configuration list for PBXProject "Yearvu" */;
			compatibilityVersion = "Xcode 9.3";
			developmentRegion = en;
			hasScannedForEncodings = 0;
			knownRegions = (
				en,
				Base,
			);
			mainGroup = B0FB118723AE46170009C9AE;
			productRefGroup = B0FB119123AE46170009C9AE /* Products */;
			projectDirPath = "";
			projectRoot = "";
			targets = (
				B0FB118F23AE46170009C9AE /* Yearvu */,
				B0FB11A823AE46180009C9AE /* YearvuTests */,
				B0FB11B323AE46180009C9AE /* YearvuUITests */,
			);
		};
/* End PBXProject section */

/* Begin PBXResourcesBuildPhase section */
		B0FB118E23AE46170009C9AE /* Resources */ = {
			isa = PBXResourcesBuildPhase;
			buildActionMask = 2147483647;
			files = (
				B0FB11A323AE46180009C9AE /* LaunchScreen.storyboard in Resources */,
				B0FB11A023AE46180009C9AE /* PreviewAssets.xcassets in Resources */,
				B0FB119D23AE46180009C9AE /* Assets.xcassets in Resources */,
			);
			runOnlyForDeploymentPostprocessing = 0;
		};
		B0FB11A723AE46180009C9AE /* Resources */ = {
			isa = PBXResourcesBuildPhase;
			buildActionMask = 2147483647;
			files = (
			);
			runOnlyForDeploymentPostprocessing = 0;
		};
		B0FB11B223AE46180009C9AE /* Resources */ = {
			isa = PBXResourcesBuildPhase;
			buildActionMask = 2147483647;
			files = (
			);
			runOnlyForDeploymentPostprocessing = 0;
		};
/* End PBXResourcesBuildPhase section */

/* Begin PBXShellScriptBuildPhase section */
		2AB81D8CAFE71ED157E8E0CF /* [CP] Embed Pods Frameworks */ = {
			isa = PBXShellScriptBuildPhase;
			buildActionMask = 2147483647;
			files = (
			);
			inputFileListPaths = (
				"${PODS_ROOT}/Target Support Files/Pods-Yearvu/Pods-Yearvu-frameworks-${CONFIGURATION}-input-files.xcfilelist",
			);
			name = "[CP] Embed Pods Frameworks";
			outputFileListPaths = (
				"${PODS_ROOT}/Target Support Files/Pods-Yearvu/Pods-Yearvu-frameworks-${CONFIGURATION}-output-files.xcfilelist",
			);
			runOnlyForDeploymentPostprocessing = 0;
			shellPath = /bin/sh;
			shellScript = "\"${PODS_ROOT}/Target Support Files/Pods-Yearvu/Pods-Yearvu-frameworks.sh\"\n";
			showEnvVarsInLog = 0;
		};
		5F3EC67A11B9C15D6AA21AA4 /* [CP] Embed Pods Frameworks */ = {
			isa = PBXShellScriptBuildPhase;
			buildActionMask = 2147483647;
			files = (
			);
			inputFileListPaths = (
				"${PODS_ROOT}/Target Support Files/Pods-YearvuTests/Pods-YearvuTests-frameworks-${CONFIGURATION}-input-files.xcfilelist",
			);
			name = "[CP] Embed Pods Frameworks";
			outputFileListPaths = (
				"${PODS_ROOT}/Target Support Files/Pods-YearvuTests/Pods-YearvuTests-frameworks-${CONFIGURATION}-output-files.xcfilelist",
			);
			runOnlyForDeploymentPostprocessing = 0;
			shellPath = /bin/sh;
			shellScript = "\"${PODS_ROOT}/Target Support Files/Pods-YearvuTests/Pods-YearvuTests-frameworks.sh\"\n";
			showEnvVarsInLog = 0;
		};
		6C93FEC35684FD29ED45E3B8 /* [CP] Check Pods Manifest.lock */ = {
			isa = PBXShellScriptBuildPhase;
			buildActionMask = 2147483647;
			files = (
			);
			inputFileListPaths = (
			);
			inputPaths = (
				"${PODS_PODFILE_DIR_PATH}/Podfile.lock",
				"${PODS_ROOT}/Manifest.lock",
			);
			name = "[CP] Check Pods Manifest.lock";
			outputFileListPaths = (
			);
			outputPaths = (
				"$(DERIVED_FILE_DIR)/Pods-Yearvu-YearvuUITests-checkManifestLockResult.txt",
			);
			runOnlyForDeploymentPostprocessing = 0;
			shellPath = /bin/sh;
			shellScript = "diff \"${PODS_PODFILE_DIR_PATH}/Podfile.lock\" \"${PODS_ROOT}/Manifest.lock\" > /dev/null\nif [ $? != 0 ] ; then\n    # print error to STDERR\n    echo \"error: The sandbox is not in sync with the Podfile.lock. Run 'pod install' or update your CocoaPods installation.\" >&2\n    exit 1\nfi\n# This output is used by Xcode 'outputs' to avoid re-running this script phase.\necho \"SUCCESS\" > \"${SCRIPT_OUTPUT_FILE_0}\"\n";
			showEnvVarsInLog = 0;
		};
		8943C05831F30FA5FFEB0107 /* [CP] Embed Pods Frameworks */ = {
			isa = PBXShellScriptBuildPhase;
			buildActionMask = 2147483647;
			files = (
			);
			inputFileListPaths = (
				"${PODS_ROOT}/Target Support Files/Pods-Yearvu-YearvuUITests/Pods-Yearvu-YearvuUITests-frameworks-${CONFIGURATION}-input-files.xcfilelist",
			);
			name = "[CP] Embed Pods Frameworks";
			outputFileListPaths = (
				"${PODS_ROOT}/Target Support Files/Pods-Yearvu-YearvuUITests/Pods-Yearvu-YearvuUITests-frameworks-${CONFIGURATION}-output-files.xcfilelist",
			);
			runOnlyForDeploymentPostprocessing = 0;
			shellPath = /bin/sh;
			shellScript = "\"${PODS_ROOT}/Target Support Files/Pods-Yearvu-YearvuUITests/Pods-Yearvu-YearvuUITests-frameworks.sh\"\n";
			showEnvVarsInLog = 0;
		};
		D477309F1CD73DB85423C7FF /* [CP] Check Pods Manifest.lock */ = {
			isa = PBXShellScriptBuildPhase;
			buildActionMask = 2147483647;
			files = (
			);
			inputFileListPaths = (
			);
			inputPaths = (
				"${PODS_PODFILE_DIR_PATH}/Podfile.lock",
				"${PODS_ROOT}/Manifest.lock",
			);
			name = "[CP] Check Pods Manifest.lock";
			outputFileListPaths = (
			);
			outputPaths = (
				"$(DERIVED_FILE_DIR)/Pods-Yearvu-checkManifestLockResult.txt",
			);
			runOnlyForDeploymentPostprocessing = 0;
			shellPath = /bin/sh;
			shellScript = "diff \"${PODS_PODFILE_DIR_PATH}/Podfile.lock\" \"${PODS_ROOT}/Manifest.lock\" > /dev/null\nif [ $? != 0 ] ; then\n    # print error to STDERR\n    echo \"error: The sandbox is not in sync with the Podfile.lock. Run 'pod install' or update your CocoaPods installation.\" >&2\n    exit 1\nfi\n# This output is used by Xcode 'outputs' to avoid re-running this script phase.\necho \"SUCCESS\" > \"${SCRIPT_OUTPUT_FILE_0}\"\n";
			showEnvVarsInLog = 0;
		};
		E0335E41FF41403A9CB5DC51 /* [CP] Check Pods Manifest.lock */ = {
			isa = PBXShellScriptBuildPhase;
			buildActionMask = 2147483647;
			files = (
			);
			inputFileListPaths = (
			);
			inputPaths = (
				"${PODS_PODFILE_DIR_PATH}/Podfile.lock",
				"${PODS_ROOT}/Manifest.lock",
			);
			name = "[CP] Check Pods Manifest.lock";
			outputFileListPaths = (
			);
			outputPaths = (
				"$(DERIVED_FILE_DIR)/Pods-YearvuTests-checkManifestLockResult.txt",
			);
			runOnlyForDeploymentPostprocessing = 0;
			shellPath = /bin/sh;
			shellScript = "diff \"${PODS_PODFILE_DIR_PATH}/Podfile.lock\" \"${PODS_ROOT}/Manifest.lock\" > /dev/null\nif [ $? != 0 ] ; then\n    # print error to STDERR\n    echo \"error: The sandbox is not in sync with the Podfile.lock. Run 'pod install' or update your CocoaPods installation.\" >&2\n    exit 1\nfi\n# This output is used by Xcode 'outputs' to avoid re-running this script phase.\necho \"SUCCESS\" > \"${SCRIPT_OUTPUT_FILE_0}\"\n";
			showEnvVarsInLog = 0;
		};
/* End PBXShellScriptBuildPhase section */

/* Begin PBXSourcesBuildPhase section */
		B0FB118C23AE46170009C9AE /* Sources */ = {
			isa = PBXSourcesBuildPhase;
			buildActionMask = 2147483647;
			files = (
				B0E1EEE823AEEAC200EF9F7E /* Double+Money.swift in Sources */,
				B06FE60B23AE4E5F004782B3 /* appReducer.swift in Sources */,
				B09B057523B3C0D80086B30A /* TwoWaysExchangeCalculator.swift in Sources */,
				B06FE61523AE5043004782B3 /* recurrenceSpecs.swift in Sources */,
				B0FB119423AE46170009C9AE /* AppDelegate.swift in Sources */,
				B06FE60923AE4E59004782B3 /* actionSpecs.swift in Sources */,
				B09B057923B3C49D0086B30A /* NoCurrency.swift in Sources */,
				B09B058123B3D6560086B30A /* USDExchangeTable.swift in Sources */,
				B0E1EEEC23AEED1000EF9F7E /* Money.swift in Sources */,
				B0E1EEEA23AEEC2000EF9F7E /* Savings.swift in Sources */,
				B06FE62723AE9FE1004782B3 /* DataState.swift in Sources */,
				B06FE62223AE9CD2004782B3 /* YearvuStore.swift in Sources */,
				B0E1EF0B23B0F40D00EF9F7E /* Date+UntilDate.swift in Sources */,
				B06FE60523AE4E32004782B3 /* ExpenseEntry.swift in Sources */,
				B0E1EEE523AEE97700EF9F7E /* SavingsCalculator.swift in Sources */,
				B09B057D23B3D5D90086B30A /* Taxed.swift in Sources */,
				B06FE62523AE9F68004782B3 /* UiState.swift in Sources */,
				B0E1EEE123AEA3BB00EF9F7E /* mockCreator.swift in Sources */,
				B0CBF69923AEA0A1004ECC91 /* uiReducer.swift in Sources */,
				B0E1EEE323AEE77800EF9F7E /* domainSpecs.swift in Sources */,
				B09B057F23B3D5E10086B30A /* Taxes.swift in Sources */,
				B0CBF69723AEA09B004ECC91 /* dataReducer.swift in Sources */,
				B09B057723B3C1240086B30A /* Exchange.swift in Sources */,
				B06FE61B23AE9BCA004782B3 /* AppState.swift in Sources */,
				B06FE61923AE9A90004782B3 /* Expense.swift in Sources */,
				B06FE60E23AE4ED7004782B3 /* FiduciaryCurrency.swift in Sources */,
				B0FB119623AE46170009C9AE /* SceneDelegate.swift in Sources */,
				B0E1EEF123B0C83F00EF9F7E /* MonetaryError.swift in Sources */,
				B06FE60223AE4B4D004782B3 /* ContentView.swift in Sources */,
				B0FB119923AE46170009C9AE /* Yearvu.xcdatamodeld in Sources */,
			);
			runOnlyForDeploymentPostprocessing = 0;
		};
		B0FB11A523AE46180009C9AE /* Sources */ = {
			isa = PBXSourcesBuildPhase;
			buildActionMask = 2147483647;
			files = (
				B09B057B23B3D4E80086B30A /* ExchangeTests.swift in Sources */,
				B09B057323B3BBE30086B30A /* ExpenseChangeTests.swift in Sources */,
				B0FB11AE23AE46180009C9AE /* DailySavingsReportTests.swift in Sources */,
			);
			runOnlyForDeploymentPostprocessing = 0;
		};
		B0FB11B023AE46180009C9AE /* Sources */ = {
			isa = PBXSourcesBuildPhase;
			buildActionMask = 2147483647;
			files = (
				B0FB11B923AE46180009C9AE /* YearvuUITests.swift in Sources */,
			);
			runOnlyForDeploymentPostprocessing = 0;
		};
/* End PBXSourcesBuildPhase section */

/* Begin PBXTargetDependency section */
		B0FB11AB23AE46180009C9AE /* PBXTargetDependency */ = {
			isa = PBXTargetDependency;
			target = B0FB118F23AE46170009C9AE /* Yearvu */;
			targetProxy = B0FB11AA23AE46180009C9AE /* PBXContainerItemProxy */;
		};
		B0FB11B623AE46180009C9AE /* PBXTargetDependency */ = {
			isa = PBXTargetDependency;
			target = B0FB118F23AE46170009C9AE /* Yearvu */;
			targetProxy = B0FB11B523AE46180009C9AE /* PBXContainerItemProxy */;
		};
/* End PBXTargetDependency section */

/* Begin PBXVariantGroup section */
		B0FB11A123AE46180009C9AE /* LaunchScreen.storyboard */ = {
			isa = PBXVariantGroup;
			children = (
				B0FB11A223AE46180009C9AE /* Base */,
			);
			name = LaunchScreen.storyboard;
			sourceTree = "<group>";
		};
/* End PBXVariantGroup section */

/* Begin XCBuildConfiguration section */
		B0FB11BB23AE46180009C9AE /* Debug */ = {
			isa = XCBuildConfiguration;
			buildSettings = {
				ALWAYS_SEARCH_USER_PATHS = NO;
				CLANG_ANALYZER_NONNULL = YES;
				CLANG_ANALYZER_NUMBER_OBJECT_CONVERSION = YES_AGGRESSIVE;
				CLANG_CXX_LANGUAGE_STANDARD = "gnu++14";
				CLANG_CXX_LIBRARY = "libc++";
				CLANG_ENABLE_MODULES = YES;
				CLANG_ENABLE_OBJC_ARC = YES;
				CLANG_ENABLE_OBJC_WEAK = YES;
				CLANG_WARN_BLOCK_CAPTURE_AUTORELEASING = YES;
				CLANG_WARN_BOOL_CONVERSION = YES;
				CLANG_WARN_COMMA = YES;
				CLANG_WARN_CONSTANT_CONVERSION = YES;
				CLANG_WARN_DEPRECATED_OBJC_IMPLEMENTATIONS = YES;
				CLANG_WARN_DIRECT_OBJC_ISA_USAGE = YES_ERROR;
				CLANG_WARN_DOCUMENTATION_COMMENTS = YES;
				CLANG_WARN_EMPTY_BODY = YES;
				CLANG_WARN_ENUM_CONVERSION = YES;
				CLANG_WARN_INFINITE_RECURSION = YES;
				CLANG_WARN_INT_CONVERSION = YES;
				CLANG_WARN_NON_LITERAL_NULL_CONVERSION = YES;
				CLANG_WARN_OBJC_IMPLICIT_RETAIN_SELF = YES;
				CLANG_WARN_OBJC_LITERAL_CONVERSION = YES;
				CLANG_WARN_OBJC_ROOT_CLASS = YES_ERROR;
				CLANG_WARN_RANGE_LOOP_ANALYSIS = YES;
				CLANG_WARN_STRICT_PROTOTYPES = YES;
				CLANG_WARN_SUSPICIOUS_MOVE = YES;
				CLANG_WARN_UNGUARDED_AVAILABILITY = YES_AGGRESSIVE;
				CLANG_WARN_UNREACHABLE_CODE = YES;
				CLANG_WARN__DUPLICATE_METHOD_MATCH = YES;
				COPY_PHASE_STRIP = NO;
				DEBUG_INFORMATION_FORMAT = dwarf;
				ENABLE_STRICT_OBJC_MSGSEND = YES;
				ENABLE_TESTABILITY = YES;
				GCC_C_LANGUAGE_STANDARD = gnu11;
				GCC_DYNAMIC_NO_PIC = NO;
				GCC_NO_COMMON_BLOCKS = YES;
				GCC_OPTIMIZATION_LEVEL = 0;
				GCC_PREPROCESSOR_DEFINITIONS = (
					"DEBUG=1",
					"$(inherited)",
				);
				GCC_WARN_64_TO_32_BIT_CONVERSION = YES;
				GCC_WARN_ABOUT_RETURN_TYPE = YES_ERROR;
				GCC_WARN_UNDECLARED_SELECTOR = YES;
				GCC_WARN_UNINITIALIZED_AUTOS = YES_AGGRESSIVE;
				GCC_WARN_UNUSED_FUNCTION = YES;
				GCC_WARN_UNUSED_VARIABLE = YES;
				IPHONEOS_DEPLOYMENT_TARGET = 13.2;
				MTL_ENABLE_DEBUG_INFO = INCLUDE_SOURCE;
				MTL_FAST_MATH = YES;
				ONLY_ACTIVE_ARCH = YES;
				SDKROOT = iphoneos;
				SWIFT_ACTIVE_COMPILATION_CONDITIONS = DEBUG;
				SWIFT_OPTIMIZATION_LEVEL = "-Onone";
			};
			name = Debug;
		};
		B0FB11BC23AE46180009C9AE /* Release */ = {
			isa = XCBuildConfiguration;
			buildSettings = {
				ALWAYS_SEARCH_USER_PATHS = NO;
				CLANG_ANALYZER_NONNULL = YES;
				CLANG_ANALYZER_NUMBER_OBJECT_CONVERSION = YES_AGGRESSIVE;
				CLANG_CXX_LANGUAGE_STANDARD = "gnu++14";
				CLANG_CXX_LIBRARY = "libc++";
				CLANG_ENABLE_MODULES = YES;
				CLANG_ENABLE_OBJC_ARC = YES;
				CLANG_ENABLE_OBJC_WEAK = YES;
				CLANG_WARN_BLOCK_CAPTURE_AUTORELEASING = YES;
				CLANG_WARN_BOOL_CONVERSION = YES;
				CLANG_WARN_COMMA = YES;
				CLANG_WARN_CONSTANT_CONVERSION = YES;
				CLANG_WARN_DEPRECATED_OBJC_IMPLEMENTATIONS = YES;
				CLANG_WARN_DIRECT_OBJC_ISA_USAGE = YES_ERROR;
				CLANG_WARN_DOCUMENTATION_COMMENTS = YES;
				CLANG_WARN_EMPTY_BODY = YES;
				CLANG_WARN_ENUM_CONVERSION = YES;
				CLANG_WARN_INFINITE_RECURSION = YES;
				CLANG_WARN_INT_CONVERSION = YES;
				CLANG_WARN_NON_LITERAL_NULL_CONVERSION = YES;
				CLANG_WARN_OBJC_IMPLICIT_RETAIN_SELF = YES;
				CLANG_WARN_OBJC_LITERAL_CONVERSION = YES;
				CLANG_WARN_OBJC_ROOT_CLASS = YES_ERROR;
				CLANG_WARN_RANGE_LOOP_ANALYSIS = YES;
				CLANG_WARN_STRICT_PROTOTYPES = YES;
				CLANG_WARN_SUSPICIOUS_MOVE = YES;
				CLANG_WARN_UNGUARDED_AVAILABILITY = YES_AGGRESSIVE;
				CLANG_WARN_UNREACHABLE_CODE = YES;
				CLANG_WARN__DUPLICATE_METHOD_MATCH = YES;
				COPY_PHASE_STRIP = NO;
				DEBUG_INFORMATION_FORMAT = "dwarf-with-dsym";
				ENABLE_NS_ASSERTIONS = NO;
				ENABLE_STRICT_OBJC_MSGSEND = YES;
				GCC_C_LANGUAGE_STANDARD = gnu11;
				GCC_NO_COMMON_BLOCKS = YES;
				GCC_WARN_64_TO_32_BIT_CONVERSION = YES;
				GCC_WARN_ABOUT_RETURN_TYPE = YES_ERROR;
				GCC_WARN_UNDECLARED_SELECTOR = YES;
				GCC_WARN_UNINITIALIZED_AUTOS = YES_AGGRESSIVE;
				GCC_WARN_UNUSED_FUNCTION = YES;
				GCC_WARN_UNUSED_VARIABLE = YES;
				IPHONEOS_DEPLOYMENT_TARGET = 13.2;
				MTL_ENABLE_DEBUG_INFO = NO;
				MTL_FAST_MATH = YES;
				SDKROOT = iphoneos;
				SWIFT_COMPILATION_MODE = wholemodule;
				SWIFT_OPTIMIZATION_LEVEL = "-O";
				VALIDATE_PRODUCT = YES;
			};
			name = Release;
		};
		B0FB11BE23AE46180009C9AE /* Debug */ = {
			isa = XCBuildConfiguration;
			baseConfigurationReference = D8513CCE4A279D56F07578EF /* Pods-Yearvu.debug.xcconfig */;
			buildSettings = {
				ASSETCATALOG_COMPILER_APPICON_NAME = AppIcon;
				CODE_SIGN_ENTITLEMENTS = Yearvu/Support/Yearvu.entitlements;
				CODE_SIGN_STYLE = Automatic;
				DERIVE_MACCATALYST_PRODUCT_BUNDLE_IDENTIFIER = YES;
				DEVELOPMENT_ASSET_PATHS = "\"Yearvu/Assets/preview\"";
				DEVELOPMENT_TEAM = 8H5Z8M869P;
				ENABLE_PREVIEWS = YES;
				INFOPLIST_FILE = Yearvu/Info.plist;
				IPHONEOS_DEPLOYMENT_TARGET = 13.0;
				LD_RUNPATH_SEARCH_PATHS = (
					"$(inherited)",
					"@executable_path/Frameworks",
				);
				PRODUCT_BUNDLE_IDENTIFIER = co.ghostship.Yearvu;
				PRODUCT_NAME = "$(TARGET_NAME)";
				SUPPORTS_MACCATALYST = YES;
				SWIFT_VERSION = 5.0;
				TARGETED_DEVICE_FAMILY = "1,2";
			};
			name = Debug;
		};
		B0FB11BF23AE46180009C9AE /* Release */ = {
			isa = XCBuildConfiguration;
			baseConfigurationReference = 292E5F8771044D43AFB7573B /* Pods-Yearvu.release.xcconfig */;
			buildSettings = {
				ASSETCATALOG_COMPILER_APPICON_NAME = AppIcon;
				CODE_SIGN_ENTITLEMENTS = Yearvu/Support/Yearvu.entitlements;
				CODE_SIGN_STYLE = Automatic;
				DERIVE_MACCATALYST_PRODUCT_BUNDLE_IDENTIFIER = YES;
				DEVELOPMENT_ASSET_PATHS = "\"Yearvu/Assets/preview\"";
				DEVELOPMENT_TEAM = 8H5Z8M869P;
				ENABLE_PREVIEWS = YES;
				INFOPLIST_FILE = Yearvu/Info.plist;
				IPHONEOS_DEPLOYMENT_TARGET = 13.0;
				LD_RUNPATH_SEARCH_PATHS = (
					"$(inherited)",
					"@executable_path/Frameworks",
				);
				PRODUCT_BUNDLE_IDENTIFIER = co.ghostship.Yearvu;
				PRODUCT_NAME = "$(TARGET_NAME)";
				SUPPORTS_MACCATALYST = YES;
				SWIFT_VERSION = 5.0;
				TARGETED_DEVICE_FAMILY = "1,2";
			};
			name = Release;
		};
		B0FB11C123AE46180009C9AE /* Debug */ = {
			isa = XCBuildConfiguration;
			baseConfigurationReference = 120F55BA0968C316F3C6595B /* Pods-YearvuTests.debug.xcconfig */;
			buildSettings = {
				BUNDLE_LOADER = "$(TEST_HOST)";
				CODE_SIGN_STYLE = Automatic;
				DEVELOPMENT_TEAM = 8H5Z8M869P;
				INFOPLIST_FILE = YearvuTests/Info.plist;
				IPHONEOS_DEPLOYMENT_TARGET = 13.2;
				LD_RUNPATH_SEARCH_PATHS = (
					"$(inherited)",
					"@executable_path/Frameworks",
					"@loader_path/Frameworks",
				);
				PRODUCT_BUNDLE_IDENTIFIER = co.ghostship.YearvuTests;
				PRODUCT_NAME = "$(TARGET_NAME)";
				SWIFT_VERSION = 5.0;
				TARGETED_DEVICE_FAMILY = "1,2";
				TEST_HOST = "$(BUILT_PRODUCTS_DIR)/Yearvu.app/Yearvu";
			};
			name = Debug;
		};
		B0FB11C223AE46180009C9AE /* Release */ = {
			isa = XCBuildConfiguration;
			baseConfigurationReference = E523E25D7F51080563042937 /* Pods-YearvuTests.release.xcconfig */;
			buildSettings = {
				BUNDLE_LOADER = "$(TEST_HOST)";
				CODE_SIGN_STYLE = Automatic;
				DEVELOPMENT_TEAM = 8H5Z8M869P;
				INFOPLIST_FILE = YearvuTests/Info.plist;
				IPHONEOS_DEPLOYMENT_TARGET = 13.2;
				LD_RUNPATH_SEARCH_PATHS = (
					"$(inherited)",
					"@executable_path/Frameworks",
					"@loader_path/Frameworks",
				);
				PRODUCT_BUNDLE_IDENTIFIER = co.ghostship.YearvuTests;
				PRODUCT_NAME = "$(TARGET_NAME)";
				SWIFT_VERSION = 5.0;
				TARGETED_DEVICE_FAMILY = "1,2";
				TEST_HOST = "$(BUILT_PRODUCTS_DIR)/Yearvu.app/Yearvu";
			};
			name = Release;
		};
		B0FB11C423AE46180009C9AE /* Debug */ = {
			isa = XCBuildConfiguration;
			baseConfigurationReference = 0ACB2940B86F005F98E5C041 /* Pods-Yearvu-YearvuUITests.debug.xcconfig */;
			buildSettings = {
				CODE_SIGN_STYLE = Automatic;
				DEVELOPMENT_TEAM = 8H5Z8M869P;
				INFOPLIST_FILE = YearvuUITests/Info.plist;
				LD_RUNPATH_SEARCH_PATHS = (
					"$(inherited)",
					"@executable_path/Frameworks",
					"@loader_path/Frameworks",
				);
				PRODUCT_BUNDLE_IDENTIFIER = co.ghostship.YearvuUITests;
				PRODUCT_NAME = "$(TARGET_NAME)";
				SWIFT_VERSION = 5.0;
				TARGETED_DEVICE_FAMILY = "1,2";
				TEST_TARGET_NAME = Yearvu;
			};
			name = Debug;
		};
		B0FB11C523AE46180009C9AE /* Release */ = {
			isa = XCBuildConfiguration;
			baseConfigurationReference = EDD988A49DF2D69F5160A107 /* Pods-Yearvu-YearvuUITests.release.xcconfig */;
			buildSettings = {
				CODE_SIGN_STYLE = Automatic;
				DEVELOPMENT_TEAM = 8H5Z8M869P;
				INFOPLIST_FILE = YearvuUITests/Info.plist;
				LD_RUNPATH_SEARCH_PATHS = (
					"$(inherited)",
					"@executable_path/Frameworks",
					"@loader_path/Frameworks",
				);
				PRODUCT_BUNDLE_IDENTIFIER = co.ghostship.YearvuUITests;
				PRODUCT_NAME = "$(TARGET_NAME)";
				SWIFT_VERSION = 5.0;
				TARGETED_DEVICE_FAMILY = "1,2";
				TEST_TARGET_NAME = Yearvu;
			};
			name = Release;
		};
/* End XCBuildConfiguration section */

/* Begin XCConfigurationList section */
		B0FB118B23AE46170009C9AE /* Build configuration list for PBXProject "Yearvu" */ = {
			isa = XCConfigurationList;
			buildConfigurations = (
				B0FB11BB23AE46180009C9AE /* Debug */,
				B0FB11BC23AE46180009C9AE /* Release */,
			);
			defaultConfigurationIsVisible = 0;
			defaultConfigurationName = Release;
		};
		B0FB11BD23AE46180009C9AE /* Build configuration list for PBXNativeTarget "Yearvu" */ = {
			isa = XCConfigurationList;
			buildConfigurations = (
				B0FB11BE23AE46180009C9AE /* Debug */,
				B0FB11BF23AE46180009C9AE /* Release */,
			);
			defaultConfigurationIsVisible = 0;
			defaultConfigurationName = Release;
		};
		B0FB11C023AE46180009C9AE /* Build configuration list for PBXNativeTarget "YearvuTests" */ = {
			isa = XCConfigurationList;
			buildConfigurations = (
				B0FB11C123AE46180009C9AE /* Debug */,
				B0FB11C223AE46180009C9AE /* Release */,
			);
			defaultConfigurationIsVisible = 0;
			defaultConfigurationName = Release;
		};
		B0FB11C323AE46180009C9AE /* Build configuration list for PBXNativeTarget "YearvuUITests" */ = {
			isa = XCConfigurationList;
			buildConfigurations = (
				B0FB11C423AE46180009C9AE /* Debug */,
				B0FB11C523AE46180009C9AE /* Release */,
			);
			defaultConfigurationIsVisible = 0;
			defaultConfigurationName = Release;
		};
/* End XCConfigurationList section */

/* Begin XCVersionGroup section */
		B0FB119723AE46170009C9AE /* Yearvu.xcdatamodeld */ = {
			isa = XCVersionGroup;
			children = (
				B0FB119823AE46170009C9AE /* Yearvu.xcdatamodel */,
			);
			currentVersion = B0FB119823AE46170009C9AE /* Yearvu.xcdatamodel */;
			path = Yearvu.xcdatamodeld;
			sourceTree = "<group>";
			versionGroupType = wrapper.xcdatamodel;
		};
/* End XCVersionGroup section */
	};
	rootObject = B0FB118823AE46170009C9AE /* Project object */;
}
